github.com/Blockchain-CN/httpsvr v0.0.0-20180314013420-a1b9ddcab609 h1:1jGexancRGTjWxjZqkJJdOFklLSLs2FMsJ2U+NjByvQ=
github.com/Blockchain-CN/httpsvr v0.0.0-20180314013420-a1b9ddcab609/go.mod h1:zwHmNBkFFEgpXA9Y6gBoAvlZhuDKwjzH5H3IBFmz9zk=
github.com/Blockchain-CN/keygen v0.0.0-20180307044542-a5e30baf61b7 h1:vaO2twvy16OIkKcc36korpKmZX5kEJFX9knjx3qYI2c=
github.com/Blockchain-CN/keygen v0.0.0-20180307044542-a5e30baf61b7/go.mod h1:3GDnSduOu8jpPL/wfPVuLRMtna0krZxbmPAtt3sOVlk=
github.com/Blockchain-CN/pheromones v0.0.0-20180315132808-b8cc8cb4aaf3 h1:f7wHs+3PVFQVHpST/Xwfu4P/SlbJ0u+dS3c2UsyMCZ4=
github.com/Blockchain-CN/pheromones v0.0.0-20180315132808-b8cc8cb4aaf3/go.mod h1:07LZVYnGok8TE67HyGWEIFppmzbXdgpmBbX+Udu40HI=
github.com/Blockchain-CN/sha256 v0.0.0-20180315033015-a2a5a13f0de9 h1:xpqK1YjeDAn0gptPDZq5aemoZARo3Jco1sEKwUpl2EU=
github.com/Blockchain-CN/sha256 v0.0.0-20180315033015-a2a5a13f0de9/go.mod h1:jAYOTtQIkh++Z6x+aZgZxfQznFvh9k6Od7l0Z2779B4=
github.com/julienschmidt/httprouter v1.3.0 h1:U0609e9tgbseu3rBINet9P48AI/D3oJs4dN7jwJOQ1U=
github.com/julienschmidt/httprouter v1.3.0/go.mod h1:JR6WtHb+2LUe8TCKY3cZOxFyyO8IZAc4RVcycCCAKdM=
github.com/shengkehua/xlog4go v0.0.0-20150604102213-9ec09ccd3922 h1:jgtMq39WalviYH4H67ndYGfwHelm22D89wyPSW6cdSs=
github.com/shengkehua/xlog4go v0.0.0-20150604102213-9ec09ccd3922/go.mod h1:INEusdHjdEnJU1QLIdyUumpwzMSFh5UpdNiiD/QVFf0=
